PODS:
  - device_info_plus (0.0.1):
    - Flutter
  - DKImagePickerController/Core (4.3.4):
    - DKImagePickerController/ImageDataManager
    - DKImagePickerController/Resource
  - DKImagePickerController/ImageDataManager (4.3.4)
  - DKImagePickerController/PhotoGallery (4.3.4):
    - DKImagePickerController/Core
    - DKPhotoGallery
  - DKImagePickerController/Resource (4.3.4)
  - DKPhotoGallery (0.0.17):
    - DKPhotoGallery/Core (= 0.0.17)
    - DKPhotoGallery/Model (= 0.0.17)
    - DKPhotoGallery/Preview (= 0.0.17)
    - DKPhotoGallery/Resource (= 0.0.17)
    - SDWebImage
    - SwiftyGif
  - DKPhotoGallery/Core (0.0.17):
    - DKPhotoGallery/Model
    - DKPhotoGallery/Preview
    - SDWebImage
    - SwiftyGif
  - DKPhotoGallery/Model (0.0.17):
    - SDWebImage
    - SwiftyGif
  - DKPhotoGallery/Preview (0.0.17):
    - DKPhotoGallery/Model
    - DKPhotoGallery/Resource
    - SDWebImage
    - SwiftyGif
  - DKPhotoGallery/Resource (0.0.17):
    - SDWebImage
    - SwiftyGif
  - file_picker (0.0.1):
    - DKImagePickerController/PhotoGallery
    - Flutter
  - Firebase/Analytics (10.12.0):
    - Firebase/Core
  - Firebase/Core (10.12.0):
    - Firebase/CoreOnly
    - FirebaseAnalytics (~> 10.12.0)
  - Firebase/CoreOnly (10.12.0):
    - FirebaseCore (= 10.12.0)
  - Firebase/Crashlytics (10.12.0):
    - Firebase/CoreOnly
    - FirebaseCrashlytics (~> 10.12.0)
  - Firebase/Messaging (10.12.0):
    - Firebase/CoreOnly
    - FirebaseMessaging (~> 10.12.0)
  - Firebase/Performance (10.12.0):
    - Firebase/CoreOnly
    - FirebasePerformance (~> 10.12.0)
  - Firebase/RemoteConfig (10.12.0):
    - Firebase/CoreOnly
    - FirebaseRemoteConfig (~> 10.12.0)
  - firebase_analytics (10.4.4):
    - Firebase/Analytics (= 10.12.0)
    - firebase_core
    - Flutter
  - firebase_core (2.15.0):
    - Firebase/CoreOnly (= 10.12.0)
    - Flutter
  - firebase_crashlytics (3.3.4):
    - Firebase/Crashlytics (= 10.12.0)
    - firebase_core
    - Flutter
  - firebase_messaging (14.6.5):
    - Firebase/Messaging (= 10.12.0)
    - firebase_core
    - Flutter
  - firebase_performance (0.9.2-4):
    - Firebase/Performance (= 10.12.0)
    - firebase_core
    - Flutter
  - firebase_remote_config (4.2.4):
    - Firebase/RemoteConfig (= 10.12.0)
    - firebase_core
    - Flutter
  - FirebaseABTesting (10.12.0):
    - FirebaseCore (~> 10.0)
  - FirebaseAnalytics (10.12.0):
    - FirebaseAnalytics/AdIdSupport (= 10.12.0)
    - FirebaseCore (~> 10.0)
    - FirebaseInstallations (~> 10.0)
    - GoogleUtilities/AppDelegateSwizzler (~> 7.11)
    - GoogleUtilities/MethodSwizzler (~> 7.11)
    - GoogleUtilities/Network (~> 7.11)
    - "GoogleUtilities/NSData+zlib (~> 7.11)"
    - nanopb (< 2.30910.0, >= 2.30908.0)
  - FirebaseAnalytics/AdIdSupport (10.12.0):
    - FirebaseCore (~> 10.0)
    - FirebaseInstallations (~> 10.0)
    - GoogleAppMeasurement (= 10.12.0)
    - GoogleUtilities/AppDelegateSwizzler (~> 7.11)
    - GoogleUtilities/MethodSwizzler (~> 7.11)
    - GoogleUtilities/Network (~> 7.11)
    - "GoogleUtilities/NSData+zlib (~> 7.11)"
    - nanopb (< 2.30910.0, >= 2.30908.0)
  - FirebaseCore (10.12.0):
    - FirebaseCoreInternal (~> 10.0)
    - GoogleUtilities/Environment (~> 7.8)
    - GoogleUtilities/Logger (~> 7.8)
  - FirebaseCoreExtension (10.12.0):
    - FirebaseCore (~> 10.0)
  - FirebaseCoreInternal (10.12.0):
    - "GoogleUtilities/NSData+zlib (~> 7.8)"
  - FirebaseCrashlytics (10.12.0):
    - FirebaseCore (~> 10.5)
    - FirebaseInstallations (~> 10.0)
    - FirebaseSessions (~> 10.5)
    - GoogleDataTransport (~> 9.2)
    - GoogleUtilities/Environment (~> 7.8)
    - nanopb (< 2.30910.0, >= 2.30908.0)
    - PromisesObjC (~> 2.1)
  - FirebaseInstallations (10.12.0):
    - FirebaseCore (~> 10.0)
    - GoogleUtilities/Environment (~> 7.8)
    - GoogleUtilities/UserDefaults (~> 7.8)
    - PromisesObjC (~> 2.1)
  - FirebaseMessaging (10.12.0):
    - FirebaseCore (~> 10.0)
    - FirebaseInstallations (~> 10.0)
    - GoogleDataTransport (~> 9.2)
    - GoogleUtilities/AppDelegateSwizzler (~> 7.8)
    - GoogleUtilities/Environment (~> 7.8)
    - GoogleUtilities/Reachability (~> 7.8)
    - GoogleUtilities/UserDefaults (~> 7.8)
    - nanopb (< 2.30910.0, >= 2.30908.0)
  - FirebasePerformance (10.12.0):
    - FirebaseCore (~> 10.5)
    - FirebaseInstallations (~> 10.0)
    - FirebaseRemoteConfig (~> 10.0)
    - FirebaseSessions (~> 10.5)
    - GoogleDataTransport (~> 9.2)
    - GoogleUtilities/Environment (~> 7.8)
    - GoogleUtilities/ISASwizzler (~> 7.8)
    - GoogleUtilities/MethodSwizzler (~> 7.8)
    - nanopb (< 2.30910.0, >= 2.30908.0)
  - FirebaseRemoteConfig (10.12.0):
    - FirebaseABTesting (~> 10.0)
    - FirebaseCore (~> 10.0)
    - FirebaseInstallations (~> 10.0)
    - GoogleUtilities/Environment (~> 7.8)
    - "GoogleUtilities/NSData+zlib (~> 7.8)"
  - FirebaseSessions (10.12.0):
    - FirebaseCore (~> 10.5)
    - FirebaseCoreExtension (~> 10.0)
    - FirebaseInstallations (~> 10.0)
    - GoogleDataTransport (~> 9.2)
    - GoogleUtilities/Environment (~> 7.10)
    - nanopb (< 2.30910.0, >= 2.30908.0)
    - PromisesSwift (~> 2.1)
  - Flutter (1.0.0)
  - flutter_local_notifications (0.0.1):
    - Flutter
  - geolocator_apple (1.2.0):
    - Flutter
  - google_mlkit_barcode_scanning (0.8.0):
    - Flutter
    - google_mlkit_commons
    - GoogleMLKit/BarcodeScanning (~> 4.0.0)
  - google_mlkit_commons (0.5.0):
    - Flutter
    - MLKitVision
  - google_mlkit_digital_ink_recognition (0.9.0):
    - Flutter
    - google_mlkit_commons
    - GoogleMLKit/DigitalInkRecognition (~> 4.0.0)
  - google_mlkit_entity_extraction (0.9.0):
    - Flutter
    - google_mlkit_commons
    - GoogleMLKit/EntityExtraction (~> 4.0.0)
  - google_mlkit_face_detection (0.8.0):
    - Flutter
    - google_mlkit_commons
    - GoogleMLKit/FaceDetection (~> 4.0.0)
  - google_mlkit_face_mesh_detection (0.0.1):
    - Flutter
    - google_mlkit_commons
  - google_mlkit_image_labeling (0.8.0):
    - Flutter
    - google_mlkit_commons
    - GoogleMLKit/ImageLabeling (~> 4.0.0)
    - GoogleMLKit/ImageLabelingCustom (~> 4.0.0)
  - google_mlkit_language_id (0.8.0):
    - Flutter
    - google_mlkit_commons
    - GoogleMLKit/LanguageID (~> 4.0.0)
  - google_mlkit_object_detection (0.9.0):
    - Flutter
    - google_mlkit_commons
    - GoogleMLKit/ObjectDetection (~> 4.0.0)
    - GoogleMLKit/ObjectDetectionCustom (~> 4.0.0)
  - google_mlkit_pose_detection (0.8.0):
    - Flutter
    - google_mlkit_commons
    - GoogleMLKit/PoseDetection (~> 4.0.0)
    - GoogleMLKit/PoseDetectionAccurate (~> 4.0.0)
  - google_mlkit_selfie_segmentation (0.5.0):
    - Flutter
    - google_mlkit_commons
    - GoogleMLKit/SegmentationSelfie (~> 4.0.0)
  - google_mlkit_smart_reply (0.8.0):
    - Flutter
    - google_mlkit_commons
    - GoogleMLKit/SmartReply (~> 4.0.0)
  - google_mlkit_text_recognition (0.9.0):
    - Flutter
    - google_mlkit_commons
    - GoogleMLKit/TextRecognition (~> 4.0.0)
  - google_mlkit_translation (0.8.0):
    - Flutter
    - google_mlkit_commons
    - GoogleMLKit/Translate (~> 4.0.0)
  - GoogleAppMeasurement (10.12.0):
    - GoogleAppMeasurement/AdIdSupport (= 10.12.0)
    - GoogleUtilities/AppDelegateSwizzler (~> 7.11)
    - GoogleUtilities/MethodSwizzler (~> 7.11)
    - GoogleUtilities/Network (~> 7.11)
    - "GoogleUtilities/NSData+zlib (~> 7.11)"
    - nanopb (< 2.30910.0, >= 2.30908.0)
  - GoogleAppMeasurement/AdIdSupport (10.12.0):
    - GoogleAppMeasurement/WithoutAdIdSupport (= 10.12.0)
    - GoogleUtilities/AppDelegateSwizzler (~> 7.11)
    - GoogleUtilities/MethodSwizzler (~> 7.11)
    - GoogleUtilities/Network (~> 7.11)
    - "GoogleUtilities/NSData+zlib (~> 7.11)"
    - nanopb (< 2.30910.0, >= 2.30908.0)
  - GoogleAppMeasurement/WithoutAdIdSupport (10.12.0):
    - GoogleUtilities/AppDelegateSwizzler (~> 7.11)
    - GoogleUtilities/MethodSwizzler (~> 7.11)
    - GoogleUtilities/Network (~> 7.11)
    - "GoogleUtilities/NSData+zlib (~> 7.11)"
    - nanopb (< 2.30910.0, >= 2.30908.0)
  - GoogleDataTransport (9.2.3):
    - GoogleUtilities/Environment (~> 7.7)
    - nanopb (< 2.30910.0, >= 2.30908.0)
    - PromisesObjC (< 3.0, >= 1.2)
  - GoogleMLKit/BarcodeScanning (4.0.0):
    - GoogleMLKit/MLKitCore
    - MLKitBarcodeScanning (~> 3.0.0)
  - GoogleMLKit/DigitalInkRecognition (4.0.0):
    - GoogleMLKit/MLKitCore
    - MLKitDigitalInkRecognition (~> 3.0.0)
  - GoogleMLKit/EntityExtraction (4.0.0):
    - GoogleMLKit/MLKitCore
    - MLKitEntityExtraction (~> 1.0.0-beta10)
  - GoogleMLKit/FaceDetection (4.0.0):
    - GoogleMLKit/MLKitCore
    - MLKitFaceDetection (~> 3.0.0)
  - GoogleMLKit/ImageLabeling (4.0.0):
    - GoogleMLKit/MLKitCore
    - MLKitImageLabeling (~> 3.0.0)
  - GoogleMLKit/ImageLabelingCustom (4.0.0):
    - GoogleMLKit/MLKitCore
    - MLKitImageLabelingCustom (~> 3.0.0)
  - GoogleMLKit/LanguageID (4.0.0):
    - GoogleMLKit/MLKitCore
    - MLKitLanguageID (~> 4.0.0)
  - GoogleMLKit/MLKitCore (4.0.0):
    - MLKitCommon (~> 9.0.0)
  - GoogleMLKit/ObjectDetection (4.0.0):
    - GoogleMLKit/MLKitCore
    - MLKitObjectDetection (~> 3.0.0)
  - GoogleMLKit/ObjectDetectionCustom (4.0.0):
    - GoogleMLKit/MLKitCore
    - MLKitObjectDetectionCustom (~> 3.0.0)
  - GoogleMLKit/PoseDetection (4.0.0):
    - GoogleMLKit/MLKitCore
    - MLKitPoseDetection (~> 1.0.0-beta11)
  - GoogleMLKit/PoseDetectionAccurate (4.0.0):
    - GoogleMLKit/MLKitCore
    - MLKitPoseDetectionAccurate (~> 1.0.0-beta11)
  - GoogleMLKit/SegmentationSelfie (4.0.0):
    - GoogleMLKit/MLKitCore
    - MLKitSegmentationSelfie (~> 1.0.0-beta9)
  - GoogleMLKit/SmartReply (4.0.0):
    - GoogleMLKit/MLKitCore
    - MLKitSmartReply (~> 3.0.0)
  - GoogleMLKit/TextRecognition (4.0.0):
    - GoogleMLKit/MLKitCore
    - MLKitTextRecognition (~> 2.0.0)
  - GoogleMLKit/Translate (4.0.0):
    - GoogleMLKit/MLKitCore
    - MLKitTranslate (~> 3.0.0)
  - GoogleToolboxForMac/DebugUtils (2.3.2):
    - GoogleToolboxForMac/Defines (= 2.3.2)
  - GoogleToolboxForMac/Defines (2.3.2)
  - GoogleToolboxForMac/Logger (2.3.2):
    - GoogleToolboxForMac/Defines (= 2.3.2)
  - "GoogleToolboxForMac/NSData+zlib (2.3.2)":
    - GoogleToolboxForMac/Defines (= 2.3.2)
  - "GoogleToolboxForMac/NSDictionary+URLArguments (2.3.2)":
    - GoogleToolboxForMac/DebugUtils (= 2.3.2)
    - GoogleToolboxForMac/Defines (= 2.3.2)
    - "GoogleToolboxForMac/NSString+URLArguments (= 2.3.2)"
  - "GoogleToolboxForMac/NSString+URLArguments (2.3.2)"
  - GoogleToolboxForMac/StringEncoding (2.3.2):
    - GoogleToolboxForMac/Defines (= 2.3.2)
  - GoogleUtilities/AppDelegateSwizzler (7.11.4):
    - GoogleUtilities/Environment
    - GoogleUtilities/Logger
    - GoogleUtilities/Network
  - GoogleUtilities/Environment (7.11.4):
    - PromisesObjC (< 3.0, >= 1.2)
  - GoogleUtilities/ISASwizzler (7.11.4)
  - GoogleUtilities/Logger (7.11.4):
    - GoogleUtilities/Environment
  - GoogleUtilities/MethodSwizzler (7.11.4):
    - GoogleUtilities/Logger
  - GoogleUtilities/Network (7.11.4):
    - GoogleUtilities/Logger
    - "GoogleUtilities/NSData+zlib"
    - GoogleUtilities/Reachability
  - "GoogleUtilities/NSData+zlib (7.11.4)"
  - GoogleUtilities/Reachability (7.11.4):
    - GoogleUtilities/Logger
  - GoogleUtilities/UserDefaults (7.11.4):
    - GoogleUtilities/Logger
  - GoogleUtilitiesComponents (1.1.0):
    - GoogleUtilities/Logger
  - GTMSessionFetcher/Core (2.3.0)
  - image_picker_ios (0.0.1):
    - Flutter
  - local_auth_ios (0.0.1):
    - Flutter
  - MLImage (1.0.0-beta4)
  - MLKitBarcodeScanning (3.0.0):
    - MLKitCommon (~> 9.0)
    - MLKitVision (~> 5.0)
  - MLKitCommon (9.0.0):
    - GoogleDataTransport (~> 9.0)
    - GoogleToolboxForMac/Logger (~> 2.1)
    - "GoogleToolboxForMac/NSData+zlib (~> 2.1)"
    - "GoogleToolboxForMac/NSDictionary+URLArguments (~> 2.1)"
    - GoogleUtilities/UserDefaults (~> 7.0)
    - GoogleUtilitiesComponents (~> 1.0)
    - GTMSessionFetcher/Core (< 3.0, >= 1.1)
  - MLKitDigitalInkRecognition (3.0.0):
    - MLKitCommon (~> 9.0)
    - MLKitMDD (~> 5.0)
    - SSZipArchive (~> 2.1)
  - MLKitEntityExtraction (1.0.0-beta10):
    - MLKitNaturalLanguage (~> 5.0)
  - MLKitFaceDetection (3.0.0):
    - MLKitCommon (~> 9.0)
    - MLKitVision (~> 5.0)
  - MLKitImageLabeling (3.0.0):
    - MLKitCommon (~> 9.0)
    - MLKitImageLabelingCommon (~> 5.0)
    - MLKitVision (~> 5.0)
    - MLKitVisionKit (~> 6.0)
  - MLKitImageLabelingCommon (5.0.0):
    - MLKitCommon (~> 9.0)
    - MLKitVision (~> 5.0)
  - MLKitImageLabelingCustom (3.0.0):
    - MLKitCommon (~> 9.0)
    - MLKitImageLabelingCommon (~> 5.0)
    - MLKitVision (~> 5.0)
    - MLKitVisionKit (~> 6.0)
  - MLKitLanguageID (4.0.0):
    - MLKitNaturalLanguage (~> 5.0)
  - MLKitMDD (5.0.0):
    - MLKitCommon (~> 9.0)
  - MLKitNaturalLanguage (5.0.0):
    - GoogleToolboxForMac/Logger (~> 2.1)
    - "GoogleToolboxForMac/NSData+zlib (~> 2.1)"
    - "GoogleToolboxForMac/NSDictionary+URLArguments (~> 2.1)"
    - GoogleToolboxForMac/StringEncoding (~> 2.1)
    - GTMSessionFetcher/Core (< 3.0, >= 1.1)
    - MLKitCommon (~> 9.0)
  - MLKitObjectDetection (3.0.0):
    - MLKitCommon (~> 9.0)
    - MLKitObjectDetectionCommon (~> 5.0)
    - MLKitVision (~> 5.0)
    - MLKitVisionKit (~> 6.0)
  - MLKitObjectDetectionCommon (5.0.0):
    - MLKitCommon (~> 9.0)
    - MLKitVision (~> 5.0)
  - MLKitObjectDetectionCustom (3.0.0):
    - MLKitCommon (~> 9.0)
    - MLKitObjectDetectionCommon (~> 5.0)
    - MLKitVision (~> 5.0)
    - MLKitVisionKit (~> 6.0)
  - MLKitPoseDetection (1.0.0-beta11):
    - MLKitCommon (~> 9.0)
    - MLKitPoseDetectionCommon (= 1.0.0-beta11)
    - MLKitXenoCommon (= 1.0.0-beta11)
  - MLKitPoseDetectionAccurate (1.0.0-beta11):
    - MLKitCommon (~> 9.0)
    - MLKitPoseDetectionCommon (= 1.0.0-beta11)
    - MLKitXenoCommon (= 1.0.0-beta11)
  - MLKitPoseDetectionCommon (1.0.0-beta11):
    - MLKitCommon (~> 9.0)
    - MLKitXenoCommon (= 1.0.0-beta11)
  - MLKitSegmentationCommon (1.0.0-beta9):
    - MLKitCommon (~> 9.0)
    - MLKitXenoCommon (= 1.0.0-beta11)
  - MLKitSegmentationSelfie (1.0.0-beta9):
    - MLKitSegmentationCommon (= 1.0.0-beta9)
  - MLKitSmartReply (3.0.0):
    - MLKitLanguageID (~> 4.0)
    - MLKitNaturalLanguage (~> 5.0)
  - MLKitTextRecognition (2.0.0):
    - MLKitCommon (~> 9.0)
    - MLKitTextRecognitionCommon (= 1.0.0)
    - MLKitVision (~> 5.0)
  - MLKitTextRecognitionCommon (1.0.0):
    - MLKitCommon (~> 9.0)
    - MLKitVision (~> 5.0)
  - MLKitTranslate (3.0.0):
    - MLKitNaturalLanguage (~> 5.0)
    - SSZipArchive (< 2.2, >= 2.1)
  - MLKitVision (5.0.0):
    - GoogleToolboxForMac/Logger (~> 2.1)
    - "GoogleToolboxForMac/NSData+zlib (~> 2.1)"
    - GTMSessionFetcher/Core (< 3.0, >= 1.1)
    - MLImage (= 1.0.0-beta4)
    - MLKitCommon (~> 9.0)
  - MLKitVisionKit (6.0.0):
    - MLKitCommon (~> 9.0)
    - MLKitImageLabelingCommon (~> 5.0)
    - MLKitObjectDetectionCommon (~> 5.0)
    - MLKitVision (~> 5.0)
  - MLKitXenoCommon (1.0.0-beta11):
    - MLKitCommon (~> 9.0)
    - MLKitVision (~> 5.0)
  - nanopb (2.30909.0):
    - nanopb/decode (= 2.30909.0)
    - nanopb/encode (= 2.30909.0)
  - nanopb/decode (2.30909.0)
  - nanopb/encode (2.30909.0)
  - open_file (0.0.1):
    - Flutter
  - path_provider_foundation (0.0.1):
    - Flutter
    - FlutterMacOS
  - pdf_render (0.0.1):
    - Flutter
  - PromisesObjC (2.3.1)
  - PromisesSwift (2.3.1):
    - PromisesObjC (= 2.3.1)
  - SDWebImage (5.17.0):
    - SDWebImage/Core (= 5.17.0)
  - SDWebImage/Core (5.17.0)
  - share_plus (0.0.1):
    - Flutter
  - shared_preferences_foundation (0.0.1):
    - Flutter
    - FlutterMacOS
  - SSZipArchive (2.1.5)
  - SwiftyGif (5.4.4)
  - url_launcher_ios (0.0.1):
    - Flutter
  - webview_flutter_wkwebview (0.0.1):
    - Flutter

DEPENDENCIES:
  - device_info_plus (from `.symlinks/plugins/device_info_plus/ios`)
  - file_picker (from `.symlinks/plugins/file_picker/ios`)
  - firebase_analytics (from `.symlinks/plugins/firebase_analytics/ios`)
  - firebase_core (from `.symlinks/plugins/firebase_core/ios`)
  - firebase_crashlytics (from `.symlinks/plugins/firebase_crashlytics/ios`)
  - firebase_messaging (from `.symlinks/plugins/firebase_messaging/ios`)
  - firebase_performance (from `.symlinks/plugins/firebase_performance/ios`)
  - firebase_remote_config (from `.symlinks/plugins/firebase_remote_config/ios`)
  - Flutter (from `Flutter`)
  - flutter_local_notifications (from `.symlinks/plugins/flutter_local_notifications/ios`)
  - geolocator_apple (from `.symlinks/plugins/geolocator_apple/ios`)
  - google_mlkit_barcode_scanning (from `.symlinks/plugins/google_mlkit_barcode_scanning/ios`)
  - google_mlkit_commons (from `.symlinks/plugins/google_mlkit_commons/ios`)
  - google_mlkit_digital_ink_recognition (from `.symlinks/plugins/google_mlkit_digital_ink_recognition/ios`)
  - google_mlkit_entity_extraction (from `.symlinks/plugins/google_mlkit_entity_extraction/ios`)
  - google_mlkit_face_detection (from `.symlinks/plugins/google_mlkit_face_detection/ios`)
  - google_mlkit_face_mesh_detection (from `.symlinks/plugins/google_mlkit_face_mesh_detection/ios`)
  - google_mlkit_image_labeling (from `.symlinks/plugins/google_mlkit_image_labeling/ios`)
  - google_mlkit_language_id (from `.symlinks/plugins/google_mlkit_language_id/ios`)
  - google_mlkit_object_detection (from `.symlinks/plugins/google_mlkit_object_detection/ios`)
  - google_mlkit_pose_detection (from `.symlinks/plugins/google_mlkit_pose_detection/ios`)
  - google_mlkit_selfie_segmentation (from `.symlinks/plugins/google_mlkit_selfie_segmentation/ios`)
  - google_mlkit_smart_reply (from `.symlinks/plugins/google_mlkit_smart_reply/ios`)
  - google_mlkit_text_recognition (from `.symlinks/plugins/google_mlkit_text_recognition/ios`)
  - google_mlkit_translation (from `.symlinks/plugins/google_mlkit_translation/ios`)
  - image_picker_ios (from `.symlinks/plugins/image_picker_ios/ios`)
  - local_auth_ios (from `.symlinks/plugins/local_auth_ios/ios`)
  - open_file (from `.symlinks/plugins/open_file/ios`)
  - path_provider_foundation (from `.symlinks/plugins/path_provider_foundation/darwin`)
  - pdf_render (from `.symlinks/plugins/pdf_render/ios`)
  - share_plus (from `.symlinks/plugins/share_plus/ios`)
  - shared_preferences_foundation (from `.symlinks/plugins/shared_preferences_foundation/darwin`)
  - url_launcher_ios (from `.symlinks/plugins/url_launcher_ios/ios`)
  - webview_flutter_wkwebview (from `.symlinks/plugins/webview_flutter_wkwebview/ios`)

SPEC REPOS:
  trunk:
    - DKImagePickerController
    - DKPhotoGallery
    - Firebase
    - FirebaseABTesting
    - FirebaseAnalytics
    - FirebaseCore
    - FirebaseCoreExtension
    - FirebaseCoreInternal
    - FirebaseCrashlytics
    - FirebaseInstallations
    - FirebaseMessaging
    - FirebasePerformance
    - FirebaseRemoteConfig
    - FirebaseSessions
    - GoogleAppMeasurement
    - GoogleDataTransport
    - GoogleMLKit
    - GoogleToolboxForMac
    - GoogleUtilities
    - GoogleUtilitiesComponents
    - GTMSessionFetcher
    - MLImage
    - MLKitBarcodeScanning
    - MLKitCommon
    - MLKitDigitalInkRecognition
    - MLKitEntityExtraction
    - MLKitFaceDetection
    - MLKitImageLabeling
    - MLKitImageLabelingCommon
    - MLKitImageLabelingCustom
    - MLKitLanguageID
    - MLKitMDD
    - MLKitNaturalLanguage
    - MLKitObjectDetection
    - MLKitObjectDetectionCommon
    - MLKitObjectDetectionCustom
    - MLKitPoseDetection
    - MLKitPoseDetectionAccurate
    - MLKitPoseDetectionCommon
    - MLKitSegmentationCommon
    - MLKitSegmentationSelfie
    - MLKitSmartReply
    - MLKitTextRecognition
    - MLKitTextRecognitionCommon
    - MLKitTranslate
    - MLKitVision
    - MLKitVisionKit
    - MLKitXenoCommon
    - nanopb
    - PromisesObjC
    - PromisesSwift
    - SDWebImage
    - SSZipArchive
    - SwiftyGif

EXTERNAL SOURCES:
  device_info_plus:
    :path: ".symlinks/plugins/device_info_plus/ios"
  file_picker:
    :path: ".symlinks/plugins/file_picker/ios"
  firebase_analytics:
    :path: ".symlinks/plugins/firebase_analytics/ios"
  firebase_core:
    :path: ".symlinks/plugins/firebase_core/ios"
  firebase_crashlytics:
    :path: ".symlinks/plugins/firebase_crashlytics/ios"
  firebase_messaging:
    :path: ".symlinks/plugins/firebase_messaging/ios"
  firebase_performance:
    :path: ".symlinks/plugins/firebase_performance/ios"
  firebase_remote_config:
    :path: ".symlinks/plugins/firebase_remote_config/ios"
  Flutter:
    :path: Flutter
  flutter_local_notifications:
    :path: ".symlinks/plugins/flutter_local_notifications/ios"
  geolocator_apple:
    :path: ".symlinks/plugins/geolocator_apple/ios"
  google_mlkit_barcode_scanning:
    :path: ".symlinks/plugins/google_mlkit_barcode_scanning/ios"
  google_mlkit_commons:
    :path: ".symlinks/plugins/google_mlkit_commons/ios"
  google_mlkit_digital_ink_recognition:
    :path: ".symlinks/plugins/google_mlkit_digital_ink_recognition/ios"
  google_mlkit_entity_extraction:
    :path: ".symlinks/plugins/google_mlkit_entity_extraction/ios"
  google_mlkit_face_detection:
    :path: ".symlinks/plugins/google_mlkit_face_detection/ios"
  google_mlkit_face_mesh_detection:
    :path: ".symlinks/plugins/google_mlkit_face_mesh_detection/ios"
  google_mlkit_image_labeling:
    :path: ".symlinks/plugins/google_mlkit_image_labeling/ios"
  google_mlkit_language_id:
    :path: ".symlinks/plugins/google_mlkit_language_id/ios"
  google_mlkit_object_detection:
    :path: ".symlinks/plugins/google_mlkit_object_detection/ios"
  google_mlkit_pose_detection:
    :path: ".symlinks/plugins/google_mlkit_pose_detection/ios"
  google_mlkit_selfie_segmentation:
    :path: ".symlinks/plugins/google_mlkit_selfie_segmentation/ios"
  google_mlkit_smart_reply:
    :path: ".symlinks/plugins/google_mlkit_smart_reply/ios"
  google_mlkit_text_recognition:
    :path: ".symlinks/plugins/google_mlkit_text_recognition/ios"
  google_mlkit_translation:
    :path: ".symlinks/plugins/google_mlkit_translation/ios"
  image_picker_ios:
    :path: ".symlinks/plugins/image_picker_ios/ios"
  local_auth_ios:
    :path: ".symlinks/plugins/local_auth_ios/ios"
  open_file:
    :path: ".symlinks/plugins/open_file/ios"
  path_provider_foundation:
    :path: ".symlinks/plugins/path_provider_foundation/darwin"
  pdf_render:
    :path: ".symlinks/plugins/pdf_render/ios"
  share_plus:
    :path: ".symlinks/plugins/share_plus/ios"
  shared_preferences_foundation:
    :path: ".symlinks/plugins/shared_preferences_foundation/darwin"
  url_launcher_ios:
    :path: ".symlinks/plugins/url_launcher_ios/ios"
  webview_flutter_wkwebview:
    :path: ".symlinks/plugins/webview_flutter_wkwebview/ios"

SPEC CHECKSUMS:
  device_info_plus: 7545d84d8d1b896cb16a4ff98c19f07ec4b298ea
  DKImagePickerController: b512c28220a2b8ac7419f21c491fc8534b7601ac
  DKPhotoGallery: fdfad5125a9fdda9cc57df834d49df790dbb4179
  file_picker: ce3938a0df3cc1ef404671531facef740d03f920
  Firebase: 07150e75d142fb9399f6777fa56a187b17f833a0
  firebase_analytics: 3ff822ee2e90f95b61f0da300df20b378d380fbb
  firebase_core: e477125798fc37cd4ab43ca6a8536bf7e0929c00
  firebase_crashlytics: 6043ce85800f96e53f15ee5051f9cfad10cce73d
  firebase_messaging: 334d68c3a36b6d4d5cd91e4f42509e0d4ae49828
  firebase_performance: 32e9164da8ae1cc69ee3edff231e2f020be9b6c2
  firebase_remote_config: 2202a8929d451170be6505f90b2953f42ae238ec
  FirebaseABTesting: 09c328e6a86d562b4e1146c8a9073deadc566b77
  FirebaseAnalytics: 0270389efbe3022b54ec4588862dabec3477ee98
  FirebaseCore: f86a1394906b97ac445ae49c92552a9425831bed
  FirebaseCoreExtension: 0ce5ac36042001cfa233ce7bfa28e5c313cf80f4
  FirebaseCoreInternal: 950500ad8a08963657f6d8c67b579740c06d6aa1
  FirebaseCrashlytics: c4d111b7430c49744c74bcc6346ea00868661ac8
  FirebaseInstallations: 7b99ef103f013624444c614397038219c45f8e63
  FirebaseMessaging: bb2c4f6422a753038fe137d90ae7c1af57251316
  FirebasePerformance: 1a63c51c9d14fc1190b0970d5aab96672cb0bce6
  FirebaseRemoteConfig: bc7f260e6596956fafbb532443c19bd3c30f5258
  FirebaseSessions: a4ee211eeb31a2224cd8d9d4e30a0fccde9aa00c
  Flutter: f04841e97a9d0b0a8025694d0796dd46242b2854
  flutter_local_notifications: 0c0b1ae97e741e1521e4c1629a459d04b9aec743
  geolocator_apple: cc556e6844d508c95df1e87e3ea6fa4e58c50401
  google_mlkit_barcode_scanning: 86952fd0b6f2ae30ad8b0faa65ca813ffd91876e
  google_mlkit_commons: 9765447bd869c5d4f750dbd01475c8c42fd47aec
  google_mlkit_digital_ink_recognition: 662aab98e0ba66c80f07227b93ab5f68d2dc892b
  google_mlkit_entity_extraction: 04001a28d88e469d7c30d287059b9a250ff96068
  google_mlkit_face_detection: 4ecd6d0f91f85438c760c93a283d49a5ab2be2c3
  google_mlkit_face_mesh_detection: adc488ba0127e843dae378476bd10f235b24a94d
  google_mlkit_image_labeling: 55d24cf5b52437d66ef52974a480f823f521c962
  google_mlkit_language_id: b0813e975edf076a9f335e0c3d71aa8a4a712d24
  google_mlkit_object_detection: 53114914ccabeaf64de15e486b3871b86602f3d8
  google_mlkit_pose_detection: a47bcf891e3e2084a4e7cdeb81600504b33dd751
  google_mlkit_selfie_segmentation: 5c39f231db39459caa9e630a337402460e15ecb4
  google_mlkit_smart_reply: fc17c9597ab3762fe4f86844bb42d3bd270a4c42
  google_mlkit_text_recognition: 97045da420f87cc0b5de0c111ea154a4843ac41a
  google_mlkit_translation: 0c665a72aecdb79aa5ed9324363169eff57db248
  GoogleAppMeasurement: 2d800fab85e7848b1e66a6f8ce5bca06c5aad892
  GoogleDataTransport: f0308f5905a745f94fb91fea9c6cbaf3831cb1bd
  GoogleMLKit: 2bd0dc6253c4d4f227aad460f69215a504b2980e
  GoogleToolboxForMac: 8bef7c7c5cf7291c687cf5354f39f9db6399ad34
  GoogleUtilities: c63691989bf362ba0505507da00eeb326192e83e
  GoogleUtilitiesComponents: 679b2c881db3b615a2777504623df6122dd20afe
  GTMSessionFetcher: 3a63d75eecd6aa32c2fc79f578064e1214dfdec2
  image_picker_ios: 4a8aadfbb6dc30ad5141a2ce3832af9214a705b5
  local_auth_ios: c6cf091ded637a88f24f86a8875d8b0f526e2605
  MLImage: 7bb7c4264164ade9bf64f679b40fb29c8f33ee9b
  MLKitBarcodeScanning: 04e264482c5f3810cb89ebc134ef6b61e67db505
  MLKitCommon: c1b791c3e667091918d91bda4bba69a91011e390
  MLKitDigitalInkRecognition: fa1c9b25de5bc95dc564652d69c51806cf6e139c
  MLKitEntityExtraction: e1ed9476b0fe90f3f5669a31679a1f661c33cc8f
  MLKitFaceDetection: 4981488f71ea8ed718cda692a29ab562637d9ae5
  MLKitImageLabeling: 9fcdbbfbc454f22009c10015c403ac6319385cdf
  MLKitImageLabelingCommon: 79ffbc10bd0c3a6407aa423aeb076f76a8883e15
  MLKitImageLabelingCustom: 0e771d063bb920cd4aa751469d23b722a9ef0056
  MLKitLanguageID: 9d37b66ae77a2e04190a9c69acdc8df0dbbeb41c
  MLKitMDD: 7d1354990908ae5eb820fceb5381860c12be6d60
  MLKitNaturalLanguage: cf9de96911516fc83297429b7d7b6b33bfa56a93
  MLKitObjectDetection: 065c494fb18d01b3580eaa29f0df3854bee8b5cf
  MLKitObjectDetectionCommon: 424e43365d7ef7dd7005a4799e5303eeb4287fec
  MLKitObjectDetectionCustom: ed2376de1d1893e761a843f3490169c7c4de9633
  MLKitPoseDetection: 7df599f3ea9a6deb11d88ebd295ed0051e0a6b1e
  MLKitPoseDetectionAccurate: bc80b1cf36f188149ef542dce7d9971a55e0212a
  MLKitPoseDetectionCommon: ffc8cc7c3138b1eafbf888c794388a8c77b811c6
  MLKitSegmentationCommon: 15dcd331c631b2dd615bc2ce829e4fbec9b101d1
  MLKitSegmentationSelfie: 94c51690e93068160c6585525357ee722a9cda0a
  MLKitSmartReply: 1b7d39c9f363133bb67c9ddf9ffafada5ecd82b5
  MLKitTextRecognition: 9ff0c843f2723d31d4bdd0c0d17a0a18382ed23e
  MLKitTextRecognitionCommon: 0d48930fee25cce9d52d0ba217490d4797061aa2
  MLKitTranslate: e805e2873e0fbb211547c714b40c22c08cb8d7cb
  MLKitVision: 8baa5f46ee3352614169b85250574fde38c36f49
  MLKitVisionKit: 5b5472d40ffc143bda693ba20a3cff44fe627d41
  MLKitXenoCommon: 9fbc49cbaf44767693aac1bce4d866020e089d55
  nanopb: b552cce312b6c8484180ef47159bc0f65a1f0431
  open_file: 02eb5cb6b21264bd3a696876f5afbfb7ca4f4b7d
  path_provider_foundation: 29f094ae23ebbca9d3d0cec13889cd9060c0e943
  pdf_render: 0b4e1a615aab83ce88b26c57753049424908a755
  PromisesObjC: c50d2056b5253dadbd6c2bea79b0674bd5a52fa4
  PromisesSwift: 28dca69a9c40779916ac2d6985a0192a5cb4a265
  SDWebImage: 750adf017a315a280c60fde706ab1e552a3ae4e9
  share_plus: 599aa54e4ea31d4b4c0e9c911bcc26c55e791028
  shared_preferences_foundation: 5b919d13b803cadd15ed2dc053125c68730e5126
  SSZipArchive: cefe1364104a0231268a5deb8495bdf2861f52f0
  SwiftyGif: 93a1cc87bf3a51916001cf8f3d63835fb64c819f
  url_launcher_ios: 08a3dfac5fb39e8759aeb0abbd5d9480f30fc8b4
  webview_flutter_wkwebview: 2e2d318f21a5e036e2c3f26171342e95908bd60a

PODFILE CHECKSUM: 70d9d25280d0dd177a5f637cdb0f0b0b12c6a189

COCOAPODS: 1.12.1
